
Microsoft Visual Studio Solution File, Format Version 12.00
# Visual Studio Version 17
VisualStudioVersion = 17.14.36429.23 d17.14
MinimumVisualStudioVersion = 10.0.40219.1
Project("{FAE04EC0-301F-11D3-BF4B-00C04F79EFBC}") = "GroupThree.FocusTimerApp", "GroupThree.FocusTimerApp\GroupThree.FocusTimerApp.csproj", "{0DE5CECA-DA88-4946-A152-F2F17E327F4C}"
EndProject
Global
	GlobalSection(SolutionConfigurationPlatforms) = preSolution
		Debug|Any CPU = Debug|Any CPU
		Release|Any CPU = Release|Any CPU
	EndGlobalSection
	GlobalSection(ProjectConfigurationPlatforms) = postSolution
		{0DE5CECA-DA88-4946-A152-F2F17E327F4C}.Debug|Any CPU.ActiveCfg = Debug|Any CPU
		{0DE5CECA-DA88-4946-A152-F2F17E327F4C}.Debug|Any CPU.Build.0 = Debug|Any CPU
		{0DE5CECA-DA88-4946-A152-F2F17E327F4C}.Release|Any CPU.ActiveCfg = Release|Any CPU
		{0DE5CECA-DA88-4946-A152-F2F17E327F4C}.Release|Any CPU.Build.0 = Release|Any CPU
	EndGlobalSection
	GlobalSection(SolutionProperties) = preSolution
		HideSolutionNode = FALSE
	EndGlobalSection
	GlobalSection(ExtensibilityGlobals) = postSolution
		SolutionGuid = {7F7C02A3-7CCD-49CF-B63E-1DE6DAA866F2}
	EndGlobalSection
EndGlobal
